// !$*UTF8*$!
{
	archiveVersion = 1;
	classes = {
	};
	objectVersion = 50;
	objects = {

/* Begin PBXBuildFile section */
		470D7AC425BF4B6000DC77C3 /* capstone WatchKit App.app in Embed Watch Content */ = {isa = PBXBuildFile; fileRef = 470D7AC325BF4B6000DC77C3 /* capstone WatchKit App.app */; settings = {ATTRIBUTES = (RemoveHeadersOnCopy, ); }; };
		470D7AC925BF4B6000DC77C3 /* Assets.xcassets in Resources */ = {isa = PBXBuildFile; fileRef = 470D7AC825BF4B6000DC77C3 /* Assets.xcassets */; };
		470D7AD025BF4B6100DC77C3 /* capstone WatchKit Extension.appex in Embed App Extensions */ = {isa = PBXBuildFile; fileRef = 470D7ACF25BF4B6100DC77C3 /* capstone WatchKit Extension.appex */; settings = {ATTRIBUTES = (RemoveHeadersOnCopy, ); }; };
		470D7AD525BF4B6100DC77C3 /* capstoneApp.swift in Sources */ = {isa = PBXBuildFile; fileRef = 470D7AD425BF4B6100DC77C3 /* capstoneApp.swift */; };
		470D7AD725BF4B6100DC77C3 /* ContentView.swift in Sources */ = {isa = PBXBuildFile; fileRef = 470D7AD625BF4B6100DC77C3 /* ContentView.swift */; };
		470D7AD925BF4B6100DC77C3 /* NotificationController.swift in Sources */ = {isa = PBXBuildFile; fileRef = 470D7AD825BF4B6100DC77C3 /* NotificationController.swift */; };
		470D7ADB25BF4B6100DC77C3 /* NotificationView.swift in Sources */ = {isa = PBXBuildFile; fileRef = 470D7ADA25BF4B6100DC77C3 /* NotificationView.swift */; };
		470D7ADD25BF4B6100DC77C3 /* ComplicationController.swift in Sources */ = {isa = PBXBuildFile; fileRef = 470D7ADC25BF4B6100DC77C3 /* ComplicationController.swift */; };
		470D7ADF25BF4B6100DC77C3 /* Assets.xcassets in Resources */ = {isa = PBXBuildFile; fileRef = 470D7ADE25BF4B6100DC77C3 /* Assets.xcassets */; };
		470D7AE225BF4B6100DC77C3 /* Preview Assets.xcassets in Resources */ = {isa = PBXBuildFile; fileRef = 470D7AE125BF4B6100DC77C3 /* Preview Assets.xcassets */; };
/* End PBXBuildFile section */

/* Begin PBXContainerItemProxy section */
		470D7AC525BF4B6000DC77C3 /* PBXContainerItemProxy */ = {
			isa = PBXContainerItemProxy;
			containerPortal = 470D7AB925BF4B5F00DC77C3 /* Project object */;
			proxyType = 1;
			remoteGlobalIDString = 470D7AC225BF4B6000DC77C3;
			remoteInfo = "capstone WatchKit App";
		};
		470D7AD125BF4B6100DC77C3 /* PBXContainerItemProxy */ = {
			isa = PBXContainerItemProxy;
			containerPortal = 470D7AB925BF4B5F00DC77C3 /* Project object */;
			proxyType = 1;
			remoteGlobalIDString = 470D7ACE25BF4B6100DC77C3;
			remoteInfo = "capstone WatchKit Extension";
		};
/* End PBXContainerItemProxy section */

/* Begin PBXCopyFilesBuildPhase section */
		470D7AEA25BF4B6100DC77C3 /* Embed App Extensions */ = {
			isa = PBXCopyFilesBuildPhase;
			buildActionMask = 2147483647;
			dstPath = "";
			dstSubfolderSpec = 13;
			files = (
				470D7AD025BF4B6100DC77C3 /* capstone WatchKit Extension.appex in Embed App Extensions */,
			);
			name = "Embed App Extensions";
			runOnlyForDeploymentPostprocessing = 0;
		};
		470D7AEE25BF4B6100DC77C3 /* Embed Watch Content */ = {
			isa = PBXCopyFilesBuildPhase;
			buildActionMask = 2147483647;
			dstPath = "$(CONTENTS_FOLDER_PATH)/Watch";
			dstSubfolderSpec = 16;
			files = (
				470D7AC425BF4B6000DC77C3 /* capstone WatchKit App.app in Embed Watch Content */,
			);
			name = "Embed Watch Content";
			runOnlyForDeploymentPostprocessing = 0;
		};
/* End PBXCopyFilesBuildPhase section */

/* Begin PBXFileReference section */
		470D7ABF25BF4B5F00DC77C3 /* capstone.app */ = {isa = PBXFileReference; explicitFileType = wrapper.application; includeInIndex = 0; path = capstone.app; sourceTree = BUILT_PRODUCTS_DIR; };
		470D7AC325BF4B6000DC77C3 /* capstone WatchKit App.app */ = {isa = PBXFileReference; explicitFileType = wrapper.application; includeInIndex = 0; path = "capstone WatchKit App.app"; sourceTree = BUILT_PRODUCTS_DIR; };
		470D7AC825BF4B6000DC77C3 /* Assets.xcassets */ = {isa = PBXFileReference; lastKnownFileType = folder.assetcatalog; path = Assets.xcassets; sourceTree = "<group>"; };
		470D7ACA25BF4B6000DC77C3 /* Info.plist */ = {isa = PBXFileReference; lastKnownFileType = text.plist.xml; path = Info.plist; sourceTree = "<group>"; };
		470D7ACF25BF4B6100DC77C3 /* capstone WatchKit Extension.appex */ = {isa = PBXFileReference; explicitFileType = "wrapper.app-extension"; includeInIndex = 0; path = "capstone WatchKit Extension.appex"; sourceTree = BUILT_PRODUCTS_DIR; };
		470D7AD425BF4B6100DC77C3 /* capstoneApp.swift */ = {isa = PBXFileReference; lastKnownFileType = sourcecode.swift; path = capstoneApp.swift; sourceTree = "<group>"; };
		470D7AD625BF4B6100DC77C3 /* ContentView.swift */ = {isa = PBXFileReference; lastKnownFileType = sourcecode.swift; path = ContentView.swift; sourceTree = "<group>"; };
		470D7AD825BF4B6100DC77C3 /* NotificationController.swift */ = {isa = PBXFileReference; lastKnownFileType = sourcecode.swift; path = NotificationController.swift; sourceTree = "<group>"; };
		470D7ADA25BF4B6100DC77C3 /* NotificationView.swift */ = {isa = PBXFileReference; lastKnownFileType = sourcecode.swift; path = NotificationView.swift; sourceTree = "<group>"; };
		470D7ADC25BF4B6100DC77C3 /* ComplicationController.swift */ = {isa = PBXFileReference; lastKnownFileType = sourcecode.swift; path = ComplicationController.swift; sourceTree = "<group>"; };
		470D7ADE25BF4B6100DC77C3 /* Assets.xcassets */ = {isa = PBXFileReference; lastKnownFileType = folder.assetcatalog; path = Assets.xcassets; sourceTree = "<group>"; };
		470D7AE125BF4B6100DC77C3 /* Preview Assets.xcassets */ = {isa = PBXFileReference; lastKnownFileType = folder.assetcatalog; path = "Preview Assets.xcassets"; sourceTree = "<group>"; };
		470D7AE325BF4B6100DC77C3 /* Info.plist */ = {isa = PBXFileReference; lastKnownFileType = text.plist.xml; path = Info.plist; sourceTree = "<group>"; };
		470D7AE425BF4B6100DC77C3 /* PushNotificationPayload.apns */ = {isa = PBXFileReference; lastKnownFileType = text; path = PushNotificationPayload.apns; sourceTree = "<group>"; };
/* End PBXFileReference section */

/* Begin PBXFrameworksBuildPhase section */
		470D7ACC25BF4B6100DC77C3 /* Frameworks */ = {
			isa = PBXFrameworksBuildPhase;
			buildActionMask = 2147483647;
			files = (
			);
			runOnlyForDeploymentPostprocessing = 0;
		};
/* End PBXFrameworksBuildPhase section */

/* Begin PBXGroup section */
		470D7AB825BF4B5F00DC77C3 = {
			isa = PBXGroup;
			children = (
				470D7AC725BF4B6000DC77C3 /* capstone WatchKit App */,
				470D7AD325BF4B6100DC77C3 /* capstone WatchKit Extension */,
				470D7AC025BF4B5F00DC77C3 /* Products */,
			);
			sourceTree = "<group>";
		};
		470D7AC025BF4B5F00DC77C3 /* Products */ = {
			isa = PBXGroup;
			children = (
				470D7ABF25BF4B5F00DC77C3 /* capstone.app */,
				470D7AC325BF4B6000DC77C3 /* capstone WatchKit App.app */,
				470D7ACF25BF4B6100DC77C3 /* capstone WatchKit Extension.appex */,
			);
			name = Products;
			sourceTree = "<group>";
		};
		470D7AC725BF4B6000DC77C3 /* capstone WatchKit App */ = {
			isa = PBXGroup;
			children = (
				470D7AC825BF4B6000DC77C3 /* Assets.xcassets */,
				470D7ACA25BF4B6000DC77C3 /* Info.plist */,
			);
			path = "capstone WatchKit App";
			sourceTree = "<group>";
		};
		470D7AD325BF4B6100DC77C3 /* capstone WatchKit Extension */ = {
			isa = PBXGroup;
			children = (
				470D7AD425BF4B6100DC77C3 /* capstoneApp.swift */,
				470D7AD625BF4B6100DC77C3 /* ContentView.swift */,
				470D7AD825BF4B6100DC77C3 /* NotificationController.swift */,
				470D7ADA25BF4B6100DC77C3 /* NotificationView.swift */,
				470D7ADC25BF4B6100DC77C3 /* ComplicationController.swift */,
				470D7ADE25BF4B6100DC77C3 /* Assets.xcassets */,
				470D7AE325BF4B6100DC77C3 /* Info.plist */,
				470D7AE425BF4B6100DC77C3 /* PushNotificationPayload.apns */,
				470D7AE025BF4B6100DC77C3 /* Preview Content */,
			);
			path = "capstone WatchKit Extension";
			sourceTree = "<group>";
		};
		470D7AE025BF4B6100DC77C3 /* Preview Content */ = {
			isa = PBXGroup;
			children = (
				470D7AE125BF4B6100DC77C3 /* Preview Assets.xcassets */,
			);
			path = "Preview Content";
			sourceTree = "<group>";
		};
/* End PBXGroup section */

/* Begin PBXNativeTarget section */
		470D7ABE25BF4B5F00DC77C3 /* capstone */ = {
			isa = PBXNativeTarget;
			buildConfigurationList = 470D7AEF25BF4B6100DC77C3 /* Build configuration list for PBXNativeTarget "capstone" */;
			buildPhases = (
				470D7ABD25BF4B5F00DC77C3 /* Resources */,
				470D7AEE25BF4B6100DC77C3 /* Embed Watch Content */,
			);
			buildRules = (
			);
			dependencies = (
				470D7AC625BF4B6000DC77C3 /* PBXTargetDependency */,
			);
			name = capstone;
			productName = capstone;
			productReference = 470D7ABF25BF4B5F00DC77C3 /* capstone.app */;
			productType = "com.apple.product-type.application.watchapp2-container";
		};
		470D7AC225BF4B6000DC77C3 /* capstone WatchKit App */ = {
			isa = PBXNativeTarget;
			buildConfigurationList = 470D7AEB25BF4B6100DC77C3 /* Build configuration list for PBXNativeTarget "capstone WatchKit App" */;
			buildPhases = (
				470D7AC125BF4B6000DC77C3 /* Resources */,
				470D7AEA25BF4B6100DC77C3 /* Embed App Extensions */,
			);
			buildRules = (
			);
			dependencies = (
				470D7AD225BF4B6100DC77C3 /* PBXTargetDependency */,
			);
			name = "capstone WatchKit App";
			productName = "capstone WatchKit App";
			productReference = 470D7AC325BF4B6000DC77C3 /* capstone WatchKit App.app */;
			productType = "com.apple.product-type.application.watchapp2";
		};
		470D7ACE25BF4B6100DC77C3 /* capstone WatchKit Extension */ = {
			isa = PBXNativeTarget;
			buildConfigurationList = 470D7AE725BF4B6100DC77C3 /* Build configuration list for PBXNativeTarget "capstone WatchKit Extension" */;
			buildPhases = (
				470D7ACB25BF4B6100DC77C3 /* Sources */,
				470D7ACC25BF4B6100DC77C3 /* Frameworks */,
				470D7ACD25BF4B6100DC77C3 /* Resources */,
			);
			buildRules = (
			);
			dependencies = (
			);
			name = "capstone WatchKit Extension";
			productName = "capstone WatchKit Extension";
			productReference = 470D7ACF25BF4B6100DC77C3 /* capstone WatchKit Extension.appex */;
			productType = "com.apple.product-type.watchkit2-extension";
		};
/* End PBXNativeTarget section */

/* Begin PBXProject section */
		470D7AB925BF4B5F00DC77C3 /* Project object */ = {
			isa = PBXProject;
			attributes = {
				LastSwiftUpdateCheck = 1230;
				LastUpgradeCheck = 1230;
				TargetAttributes = {
					470D7ABE25BF4B5F00DC77C3 = {
						CreatedOnToolsVersion = 12.3;
					};
					470D7AC225BF4B6000DC77C3 = {
						CreatedOnToolsVersion = 12.3;
					};
					470D7ACE25BF4B6100DC77C3 = {
						CreatedOnToolsVersion = 12.3;
					};
				};
			};
			buildConfigurationList = 470D7ABC25BF4B5F00DC77C3 /* Build configuration list for PBXProject "capstone" */;
			compatibilityVersion = "Xcode 9.3";
			developmentRegion = en;
			hasScannedForEncodings = 0;
			knownRegions = (
				en,
				Base,
			);
			mainGroup = 470D7AB825BF4B5F00DC77C3;
			productRefGroup = 470D7AC025BF4B5F00DC77C3 /* Products */;
			projectDirPath = "";
			projectRoot = "";
			targets = (
				470D7ABE25BF4B5F00DC77C3 /* capstone */,
				470D7AC225BF4B6000DC77C3 /* capstone WatchKit App */,
				470D7ACE25BF4B6100DC77C3 /* capstone WatchKit Extension */,
			);
		};
/* End PBXProject section */

/* Begin PBXResourcesBuildPhase section */
		470D7ABD25BF4B5F00DC77C3 /* Resources */ = {
			isa = PBXResourcesBuildPhase;
			buildActionMask = 2147483647;
			files = (
			);
			runOnlyForDeploymentPostprocessing = 0;
		};
		470D7AC125BF4B6000DC77C3 /* Resources */ = {
			isa = PBXResourcesBuildPhase;
			buildActionMask = 2147483647;
			files = (
				470D7AC925BF4B6000DC77C3 /* Assets.xcassets in Resources */,
			);
			runOnlyForDeploymentPostprocessing = 0;
		};
		470D7ACD25BF4B6100DC77C3 /* Resources */ = {
			isa = PBXResourcesBuildPhase;
			buildActionMask = 2147483647;
			files = (
				470D7AE225BF4B6100DC77C3 /* Preview Assets.xcassets in Resources */,
				470D7ADF25BF4B6100DC77C3 /* Assets.xcassets in Resources */,
			);
			runOnlyForDeploymentPostprocessing = 0;
		};
/* End PBXResourcesBuildPhase section */

/* Begin PBXSourcesBuildPhase section */
		470D7ACB25BF4B6100DC77C3 /* Sources */ = {
			isa = PBXSourcesBuildPhase;
			buildActionMask = 2147483647;
			files = (
				470D7AD925BF4B6100DC77C3 /* NotificationController.swift in Sources */,
				470D7AD725BF4B6100DC77C3 /* ContentView.swift in Sources */,
				470D7ADD25BF4B6100DC77C3 /* ComplicationController.swift in Sources */,
				470D7AD525BF4B6100DC77C3 /* capstoneApp.swift in Sources */,
				470D7ADB25BF4B6100DC77C3 /* NotificationView.swift in Sources */,
			);
			runOnlyForDeploymentPostprocessing = 0;
		};
/* End PBXSourcesBuildPhase section */

/* Begin PBXTargetDependency section */
		470D7AC625BF4B6000DC77C3 /* PBXTargetDependency */ = {
			isa = PBXTargetDependency;
			target = 470D7AC225BF4B6000DC77C3 /* capstone WatchKit App */;
			targetProxy = 470D7AC525BF4B6000DC77C3 /* PBXContainerItemProxy */;
		};
		470D7AD225BF4B6100DC77C3 /* PBXTargetDependency */ = {
			isa = PBXTargetDependency;
			target = 470D7ACE25BF4B6100DC77C3 /* capstone WatchKit Extension */;
			targetProxy = 470D7AD125BF4B6100DC77C3 /* PBXContainerItemProxy */;
		};
/* End PBXTargetDependency section */

/* Begin XCBuildConfiguration section */
		470D7AE525BF4B6100DC77C3 /* Debug */ = {
			isa = XCBuildConfiguration;
			buildSettings = {
				ALWAYS_SEARCH_USER_PATHS = NO;
				CLANG_ANALYZER_NONNULL = YES;
				CLANG_ANALYZER_NUMBER_OBJECT_CONVERSION = YES_AGGRESSIVE;
				CLANG_CXX_LANGUAGE_STANDARD = "gnu++14";
				CLANG_CXX_LIBRARY = "libc++";
				CLANG_ENABLE_MODULES = YES;
				CLANG_ENABLE_OBJC_ARC = YES;
				CLANG_ENABLE_OBJC_WEAK = YES;
				CLANG_WARN_BLOCK_CAPTURE_AUTORELEASING = YES;
				CLANG_WARN_BOOL_CONVERSION = YES;
				CLANG_WARN_COMMA = YES;
				CLANG_WARN_CONSTANT_CONVERSION = YES;
				CLANG_WARN_DEPRECATED_OBJC_IMPLEMENTATIONS = YES;
				CLANG_WARN_DIRECT_OBJC_ISA_USAGE = YES_ERROR;
				CLANG_WARN_DOCUMENTATION_COMMENTS = YES;
				CLANG_WARN_EMPTY_BODY = YES;
				CLANG_WARN_ENUM_CONVERSION = YES;
				CLANG_WARN_INFINITE_RECURSION = YES;
				CLANG_WARN_INT_CONVERSION = YES;
				CLANG_WARN_NON_LITERAL_NULL_CONVERSION = YES;
				CLANG_WARN_OBJC_IMPLICIT_RETAIN_SELF = YES;
				CLANG_WARN_OBJC_LITERAL_CONVERSION = YES;
				CLANG_WARN_OBJC_ROOT_CLASS = YES_ERROR;
				CLANG_WARN_QUOTED_INCLUDE_IN_FRAMEWORK_HEADER = YES;
				CLANG_WARN_RANGE_LOOP_ANALYSIS = YES;
				CLANG_WARN_STRICT_PROTOTYPES = YES;
				CLANG_WARN_SUSPICIOUS_MOVE = YES;
				CLANG_WARN_UNGUARDED_AVAILABILITY = YES_AGGRESSIVE;
				CLANG_WARN_UNREACHABLE_CODE = YES;
				CLANG_WARN__DUPLICATE_METHOD_MATCH = YES;
				COPY_PHASE_STRIP = NO;
				DEBUG_INFORMATION_FORMAT = dwarf;
				ENABLE_STRICT_OBJC_MSGSEND = YES;
				ENABLE_TESTABILITY = YES;
				GCC_C_LANGUAGE_STANDARD = gnu11;
				GCC_DYNAMIC_NO_PIC = NO;
				GCC_NO_COMMON_BLOCKS = YES;
				GCC_OPTIMIZATION_LEVEL = 0;
				GCC_PREPROCESSOR_DEFINITIONS = (
					"DEBUG=1",
					"$(inherited)",
				);
				GCC_WARN_64_TO_32_BIT_CONVERSION = YES;
				GCC_WARN_ABOUT_RETURN_TYPE = YES_ERROR;
				GCC_WARN_UNDECLARED_SELECTOR = YES;
				GCC_WARN_UNINITIALIZED_AUTOS = YES_AGGRESSIVE;
				GCC_WARN_UNUSED_FUNCTION = YES;
				GCC_WARN_UNUSED_VARIABLE = YES;
				MTL_ENABLE_DEBUG_INFO = INCLUDE_SOURCE;
				MTL_FAST_MATH = YES;
				ONLY_ACTIVE_ARCH = YES;
				SDKROOT = iphoneos;
				SWIFT_ACTIVE_COMPILATION_CONDITIONS = DEBUG;
				SWIFT_OPTIMIZATION_LEVEL = "-Onone";
			};
			name = Debug;
		};
		470D7AE625BF4B6100DC77C3 /* Release */ = {
			isa = XCBuildConfiguration;
			buildSettings = {
				ALWAYS_SEARCH_USER_PATHS = NO;
				CLANG_ANALYZER_NONNULL = YES;
				CLANG_ANALYZER_NUMBER_OBJECT_CONVERSION = YES_AGGRESSIVE;
				CLANG_CXX_LANGUAGE_STANDARD = "gnu++14";
				CLANG_CXX_LIBRARY = "libc++";
				CLANG_ENABLE_MODULES = YES;
				CLANG_ENABLE_OBJC_ARC = YES;
				CLANG_ENABLE_OBJC_WEAK = YES;
				CLANG_WARN_BLOCK_CAPTURE_AUTORELEASING = YES;
				CLANG_WARN_BOOL_CONVERSION = YES;
				CLANG_WARN_COMMA = YES;
				CLANG_WARN_CONSTANT_CONVERSION = YES;
				CLANG_WARN_DEPRECATED_OBJC_IMPLEMENTATIONS = YES;
				CLANG_WARN_DIRECT_OBJC_ISA_USAGE = YES_ERROR;
				CLANG_WARN_DOCUMENTATION_COMMENTS = YES;
				CLANG_WARN_EMPTY_BODY = YES;
				CLANG_WARN_ENUM_CONVERSION = YES;
				CLANG_WARN_INFINITE_RECURSION = YES;
				CLANG_WARN_INT_CONVERSION = YES;
				CLANG_WARN_NON_LITERAL_NULL_CONVERSION = YES;
				CLANG_WARN_OBJC_IMPLICIT_RETAIN_SELF = YES;
				CLANG_WARN_OBJC_LITERAL_CONVERSION = YES;
				CLANG_WARN_OBJC_ROOT_CLASS = YES_ERROR;
				CLANG_WARN_QUOTED_INCLUDE_IN_FRAMEWORK_HEADER = YES;
				CLANG_WARN_RANGE_LOOP_ANALYSIS = YES;
				CLANG_WARN_STRICT_PROTOTYPES = YES;
				CLANG_WARN_SUSPICIOUS_MOVE = YES;
				CLANG_WARN_UNGUARDED_AVAILABILITY = YES_AGGRESSIVE;
				CLANG_WARN_UNREACHABLE_CODE = YES;
				CLANG_WARN__DUPLICATE_METHOD_MATCH = YES;
				COPY_PHASE_STRIP = NO;
				DEBUG_INFORMATION_FORMAT = "dwarf-with-dsym";
				ENABLE_NS_ASSERTIONS = NO;
				ENABLE_STRICT_OBJC_MSGSEND = YES;
				GCC_C_LANGUAGE_STANDARD = gnu11;
				GCC_NO_COMMON_BLOCKS = YES;
				GCC_WARN_64_TO_32_BIT_CONVERSION = YES;
				GCC_WARN_ABOUT_RETURN_TYPE = YES_ERROR;
				GCC_WARN_UNDECLARED_SELECTOR = YES;
				GCC_WARN_UNINITIALIZED_AUTOS = YES_AGGRESSIVE;
				GCC_WARN_UNUSED_FUNCTION = YES;
				GCC_WARN_UNUSED_VARIABLE = YES;
				MTL_ENABLE_DEBUG_INFO = NO;
				MTL_FAST_MATH = YES;
				SDKROOT = iphoneos;
				SWIFT_COMPILATION_MODE = wholemodule;
				SWIFT_OPTIMIZATION_LEVEL = "-O";
				VALIDATE_PRODUCT = YES;
			};
			name = Release;
		};
		470D7AE825BF4B6100DC77C3 /* Debug */ = {
			isa = XCBuildConfiguration;
			buildSettings = {
				ASSETCATALOG_COMPILER_COMPLICATION_NAME = Complication;
				CODE_SIGN_STYLE = Automatic;
				DEVELOPMENT_ASSET_PATHS = "\"capstone WatchKit Extension/Preview Content\"";
				ENABLE_PREVIEWS = YES;
				INFOPLIST_FILE = "capstone WatchKit Extension/Info.plist";
				LD_RUNPATH_SEARCH_PATHS = (
					"$(inherited)",
					"@executable_path/Frameworks",
					"@executable_path/../../Frameworks",
				);
				PRODUCT_BUNDLE_IDENTIFIER = mtoad.capstone.watchkitapp.watchkitextension;
				PRODUCT_NAME = "${TARGET_NAME}";
				SDKROOT = watchos;
				SKIP_INSTALL = YES;
				SWIFT_VERSION = 5.0;
				TARGETED_DEVICE_FAMILY = 4;
				WATCHOS_DEPLOYMENT_TARGET = 7.2;
			};
			name = Debug;
		};
		470D7AE925BF4B6100DC77C3 /* Release */ = {
			isa = XCBuildConfiguration;
			buildSettings = {
				ASSETCATALOG_COMPILER_COMPLICATION_NAME = Complication;
				CODE_SIGN_STYLE = Automatic;
				DEVELOPMENT_ASSET_PATHS = "\"capstone WatchKit Extension/Preview Content\"";
				ENABLE_PREVIEWS = YES;
				INFOPLIST_FILE = "capstone WatchKit Extension/Info.plist";
				LD_RUNPATH_SEARCH_PATHS = (
					"$(inherited)",
					"@executable_path/Frameworks",
					"@executable_path/../../Frameworks",
				);
				PRODUCT_BUNDLE_IDENTIFIER = mtoad.capstone.watchkitapp.watchkitextension;
				PRODUCT_NAME = "${TARGET_NAME}";
				SDKROOT = watchos;
				SKIP_INSTALL = YES;
				SWIFT_VERSION = 5.0;
				TARGETED_DEVICE_FAMILY = 4;
				WATCHOS_DEPLOYMENT_TARGET = 7.2;
			};
			name = Release;
		};
		470D7AEC25BF4B6100DC77C3 /* Debug */ = {
			isa = XCBuildConfiguration;
			buildSettings = {
				ALWAYS_EMBED_SWIFT_STANDARD_LIBRARIES = YES;
				ASSETCATALOG_COMPILER_APPICON_NAME = AppIcon;
				ASSETCATALOG_COMPILER_GLOBAL_ACCENT_COLOR_NAME = AccentColor;
				CODE_SIGN_STYLE = Automatic;
				IBSC_MODULE = capstone_WatchKit_Extension;
				INFOPLIST_FILE = "capstone WatchKit App/Info.plist";
				PRODUCT_BUNDLE_IDENTIFIER = mtoad.capstone.watchkitapp;
				PRODUCT_NAME = "$(TARGET_NAME)";
				SDKROOT = watchos;
				SKIP_INSTALL = YES;
				SWIFT_VERSION = 5.0;
				TARGETED_DEVICE_FAMILY = 4;
				WATCHOS_DEPLOYMENT_TARGET = 7.2;
			};
			name = Debug;
		};
		470D7AED25BF4B6100DC77C3 /* Release */ = {
			isa = XCBuildConfiguration;
			buildSettings = {
				ALWAYS_EMBED_SWIFT_STANDARD_LIBRARIES = YES;
				ASSETCATALOG_COMPILER_APPICON_NAME = AppIcon;
				ASSETCATALOG_COMPILER_GLOBAL_ACCENT_COLOR_NAME = AccentColor;
				CODE_SIGN_STYLE = Automatic;
				IBSC_MODULE = capstone_WatchKit_Extension;
				INFOPLIST_FILE = "capstone WatchKit App/Info.plist";
				PRODUCT_BUNDLE_IDENTIFIER = mtoad.capstone.watchkitapp;
				PRODUCT_NAME = "$(TARGET_NAME)";
				SDKROOT = watchos;
				SKIP_INSTALL = YES;
				SWIFT_VERSION = 5.0;
				TARGETED_DEVICE_FAMILY = 4;
				WATCHOS_DEPLOYMENT_TARGET = 7.2;
			};
			name = Release;
		};
		470D7AF025BF4B6100DC77C3 /* Debug */ = {
			isa = XCBuildConfiguration;
			buildSettings = {
				CODE_SIGN_STYLE = Automatic;
				CURRENT_PROJECT_VERSION = 1;
				MARKETING_VERSION = 1.0;
				PRODUCT_BUNDLE_IDENTIFIER = mtoad.capstone;
				PRODUCT_NAME = "$(TARGET_NAME)";
				SWIFT_VERSION = 5.0;
			};
			name = Debug;
		};
		470D7AF125BF4B6100DC77C3 /* Release */ = {
			isa = XCBuildConfiguration;
			buildSettings = {
				CODE_SIGN_STYLE = Automatic;
				CURRENT_PROJECT_VERSION = 1;
				MARKETING_VERSION = 1.0;
				PRODUCT_BUNDLE_IDENTIFIER = mtoad.capstone;
				PRODUCT_NAME = "$(TARGET_NAME)";
				SWIFT_VERSION = 5.0;
			};
			name = Release;
		};
/* End XCBuildConfiguration section */

/* Begin XCConfigurationList section */
		470D7ABC25BF4B5F00DC77C3 /* Build configuration list for PBXProject "capstone" */ = {
			isa = XCConfigurationList;
			buildConfigurations = (
				470D7AE525BF4B6100DC77C3 /* Debug */,
				470D7AE625BF4B6100DC77C3 /* Release */,
			);
			defaultConfigurationIsVisible = 0;
			defaultConfigurationName = Release;
		};
		470D7AE725BF4B6100DC77C3 /* Build configuration list for PBXNativeTarget "capstone WatchKit Extension" */ = {
			isa = XCConfigurationList;
			buildConfigurations = (
				470D7AE825BF4B6100DC77C3 /* Debug */,
				470D7AE925BF4B6100DC77C3 /* Release */,
			);
			defaultConfigurationIsVisible = 0;
			defaultConfigurationName = Release;
		};
		470D7AEB25BF4B6100DC77C3 /* Build configuration list for PBXNativeTarget "capstone WatchKit App" */ = {
			isa = XCConfigurationList;
			buildConfigurations = (
				470D7AEC25BF4B6100DC77C3 /* Debug */,
				470D7AED25BF4B6100DC77C3 /* Release */,
			);
			defaultConfigurationIsVisible = 0;
			defaultConfigurationName = Release;
		};
		470D7AEF25BF4B6100DC77C3 /* Build configuration list for PBXNativeTarget "capstone" */ = {
			isa = XCConfigurationList;
			buildConfigurations = (
				470D7AF025BF4B6100DC77C3 /* Debug */,
				470D7AF125BF4B6100DC77C3 /* Release */,
			);
			defaultConfigurationIsVisible = 0;
			defaultConfigurationName = Release;
		};
/* End XCConfigurationList section */
	};
	rootObject = 470D7AB925BF4B5F00DC77C3 /* Project object */;
}
